
Microsoft Visual Studio Solution File, Format Version 12.00
# Visual Studio Version 17
VisualStudioVersion = 17.11.35303.130
MinimumVisualStudioVersion = 10.0.40219.1
Project("{FAE04EC0-301F-11D3-BF4B-00C04F79EFBC}") = "GraphQL.ElectronicsStore.API", "GraphQL.ElectronicsStore.API\GraphQL.ElectronicsStore.API.csproj", "{BC720A80-89C0-4466-9770-463B7D9DB79B}"
EndProject
Global
	GlobalSection(SolutionConfigurationPlatforms) = preSolution
		Debug|Any CPU = Debug|Any CPU
		Release|Any CPU = Release|Any CPU
	EndGlobalSection
	GlobalSection(ProjectConfigurationPlatforms) = postSolution
		{BC720A80-89C0-4466-9770-463B7D9DB79B}.Debug|Any CPU.ActiveCfg = Debug|Any CPU
		{BC720A80-89C0-4466-9770-463B7D9DB79B}.Debug|Any CPU.Build.0 = Debug|Any CPU
		{BC720A80-89C0-4466-9770-463B7D9DB79B}.Release|Any CPU.ActiveCfg = Release|Any CPU
		{BC720A80-89C0-4466-9770-463B7D9DB79B}.Release|Any CPU.Build.0 = Release|Any CPU
	EndGlobalSection
	GlobalSection(SolutionProperties) = preSolution
		HideSolutionNode = FALSE
	EndGlobalSection
	GlobalSection(ExtensibilityGlobals) = postSolution
		SolutionGuid = {8A9D93C8-FBA0-479B-B77D-C6AE4845E323}
	EndGlobalSection
EndGlobal
